
Microsoft Visual Studio Solution File, Format Version 12.00
# Visual Studio Version 17
VisualStudioVersion = 17.9.34616.47
MinimumVisualStudioVersion = 10.0.40219.1
Project("{FAE04EC0-301F-11D3-BF4B-00C04F79EFBC}") = "Lists", "Lists\Lists.csproj", "{834AFC43-215F-48C1-87F4-6AE0F911865C}"
EndProject
Global
	GlobalSection(SolutionConfigurationPlatforms) = preSolution
		Debug|Any CPU = Debug|Any CPU
		Release|Any CPU = Release|Any CPU
	EndGlobalSection
	GlobalSection(ProjectConfigurationPlatforms) = postSolution
		{834AFC43-215F-48C1-87F4-6AE0F911865C}.Debug|Any CPU.ActiveCfg = Debug|Any CPU
		{834AFC43-215F-48C1-87F4-6AE0F911865C}.Debug|Any CPU.Build.0 = Debug|Any CPU
		{834AFC43-215F-48C1-87F4-6AE0F911865C}.Release|Any CPU.ActiveCfg = Release|Any CPU
		{834AFC43-215F-48C1-87F4-6AE0F911865C}.Release|Any CPU.Build.0 = Release|Any CPU
	EndGlobalSection
	GlobalSection(SolutionProperties) = preSolution
		HideSolutionNode = FALSE
	EndGlobalSection
	GlobalSection(ExtensibilityGlobals) = postSolution
		SolutionGuid = {8BBF9652-4E25-48F2-AB95-082F10B45266}
	EndGlobalSection
EndGlobal
