
Microsoft Visual Studio Solution File, Format Version 12.00
# Visual Studio Version 17
VisualStudioVersion = 17.11.35222.181
MinimumVisualStudioVersion = 10.0.40219.1
Project("{FAE04EC0-301F-11D3-BF4B-00C04F79EFBC}") = "SQLServerUI", "SQLServerUI\SQLServerUI.csproj", "{9484A679-3688-428E-8338-52498D8B2A0D}"
EndProject
Project("{FAE04EC0-301F-11D3-BF4B-00C04F79EFBC}") = "DataAccessLibrary", "DataAccessLibrary\DataAccessLibrary.csproj", "{96F5A128-E03D-4CC3-9231-698B8CD17096}"
EndProject
Project("{00D1A9C2-B5F0-4AF3-8072-F6C62B433612}") = "SQLContactsDB", "SQLContactsDB\SQLContactsDB.sqlproj", "{E33C305B-2FC2-4216-8FFB-F42400E2793D}"
EndProject
Global
	GlobalSection(SolutionConfigurationPlatforms) = preSolution
		Debug|Any CPU = Debug|Any CPU
		Release|Any CPU = Release|Any CPU
	EndGlobalSection
	GlobalSection(ProjectConfigurationPlatforms) = postSolution
		{9484A679-3688-428E-8338-52498D8B2A0D}.Debug|Any CPU.ActiveCfg = Debug|Any CPU
		{9484A679-3688-428E-8338-52498D8B2A0D}.Debug|Any CPU.Build.0 = Debug|Any CPU
		{9484A679-3688-428E-8338-52498D8B2A0D}.Release|Any CPU.ActiveCfg = Release|Any CPU
		{9484A679-3688-428E-8338-52498D8B2A0D}.Release|Any CPU.Build.0 = Release|Any CPU
		{96F5A128-E03D-4CC3-9231-698B8CD17096}.Debug|Any CPU.ActiveCfg = Debug|Any CPU
		{96F5A128-E03D-4CC3-9231-698B8CD17096}.Debug|Any CPU.Build.0 = Debug|Any CPU
		{96F5A128-E03D-4CC3-9231-698B8CD17096}.Release|Any CPU.ActiveCfg = Release|Any CPU
		{96F5A128-E03D-4CC3-9231-698B8CD17096}.Release|Any CPU.Build.0 = Release|Any CPU
		{E33C305B-2FC2-4216-8FFB-F42400E2793D}.Debug|Any CPU.ActiveCfg = Debug|Any CPU
		{E33C305B-2FC2-4216-8FFB-F42400E2793D}.Debug|Any CPU.Build.0 = Debug|Any CPU
		{E33C305B-2FC2-4216-8FFB-F42400E2793D}.Debug|Any CPU.Deploy.0 = Debug|Any CPU
		{E33C305B-2FC2-4216-8FFB-F42400E2793D}.Release|Any CPU.ActiveCfg = Release|Any CPU
		{E33C305B-2FC2-4216-8FFB-F42400E2793D}.Release|Any CPU.Build.0 = Release|Any CPU
		{E33C305B-2FC2-4216-8FFB-F42400E2793D}.Release|Any CPU.Deploy.0 = Release|Any CPU
	EndGlobalSection
	GlobalSection(SolutionProperties) = preSolution
		HideSolutionNode = FALSE
	EndGlobalSection
	GlobalSection(ExtensibilityGlobals) = postSolution
		SolutionGuid = {B16CEC4A-014E-4EE7-A5BE-3F3D80E3B58D}
	EndGlobalSection
EndGlobal
