
Microsoft Visual Studio Solution File, Format Version 12.00
# Visual Studio Version 17
VisualStudioVersion = 17.9.34616.47
MinimumVisualStudioVersion = 10.0.40219.1
Project("{FAE04EC0-301F-11D3-BF4B-00C04F79EFBC}") = "SQL Server", "SQL Server\SQL Server.csproj", "{C37A4B4D-1257-4303-8A42-57119A1EC193}"
EndProject
Project("{FAE04EC0-301F-11D3-BF4B-00C04F79EFBC}") = "LibraryDataAccess", "LibraryDataAccess\LibraryDataAccess.csproj", "{5588F7FB-7BF8-4C49-8EAA-9BE4A450C88A}"
EndProject
Project("{00D1A9C2-B5F0-4AF3-8072-F6C62B433612}") = "SQLContactsDB", "SQLContactsDB\SQLContactsDB.sqlproj", "{87678D08-6E7A-4D82-A531-DB2B580DFC90}"
EndProject
Global
	GlobalSection(SolutionConfigurationPlatforms) = preSolution
		Debug|Any CPU = Debug|Any CPU
		Release|Any CPU = Release|Any CPU
	EndGlobalSection
	GlobalSection(ProjectConfigurationPlatforms) = postSolution
		{C37A4B4D-1257-4303-8A42-57119A1EC193}.Debug|Any CPU.ActiveCfg = Debug|Any CPU
		{C37A4B4D-1257-4303-8A42-57119A1EC193}.Debug|Any CPU.Build.0 = Debug|Any CPU
		{C37A4B4D-1257-4303-8A42-57119A1EC193}.Release|Any CPU.ActiveCfg = Release|Any CPU
		{C37A4B4D-1257-4303-8A42-57119A1EC193}.Release|Any CPU.Build.0 = Release|Any CPU
		{5588F7FB-7BF8-4C49-8EAA-9BE4A450C88A}.Debug|Any CPU.ActiveCfg = Debug|Any CPU
		{5588F7FB-7BF8-4C49-8EAA-9BE4A450C88A}.Debug|Any CPU.Build.0 = Debug|Any CPU
		{5588F7FB-7BF8-4C49-8EAA-9BE4A450C88A}.Release|Any CPU.ActiveCfg = Release|Any CPU
		{5588F7FB-7BF8-4C49-8EAA-9BE4A450C88A}.Release|Any CPU.Build.0 = Release|Any CPU
		{87678D08-6E7A-4D82-A531-DB2B580DFC90}.Debug|Any CPU.ActiveCfg = Debug|Any CPU
		{87678D08-6E7A-4D82-A531-DB2B580DFC90}.Debug|Any CPU.Build.0 = Debug|Any CPU
		{87678D08-6E7A-4D82-A531-DB2B580DFC90}.Debug|Any CPU.Deploy.0 = Debug|Any CPU
		{87678D08-6E7A-4D82-A531-DB2B580DFC90}.Release|Any CPU.ActiveCfg = Release|Any CPU
		{87678D08-6E7A-4D82-A531-DB2B580DFC90}.Release|Any CPU.Build.0 = Release|Any CPU
		{87678D08-6E7A-4D82-A531-DB2B580DFC90}.Release|Any CPU.Deploy.0 = Release|Any CPU
	EndGlobalSection
	GlobalSection(SolutionProperties) = preSolution
		HideSolutionNode = FALSE
	EndGlobalSection
	GlobalSection(ExtensibilityGlobals) = postSolution
		SolutionGuid = {1A10F020-A54E-4DA9-8439-89CF29274F55}
	EndGlobalSection
EndGlobal
