
Microsoft Visual Studio Solution File, Format Version 12.00
# Visual Studio Version 17
VisualStudioVersion = 17.9.34616.47
MinimumVisualStudioVersion = 10.0.40219.1
Project("{FAE04EC0-301F-11D3-BF4B-00C04F79EFBC}") = "RoleBasedAuthentication", "RoleBasedAuthentication\RoleBasedAuthentication.csproj", "{230945D3-986C-4507-90BD-B6A6D90A28DC}"
EndProject
Global
	GlobalSection(SolutionConfigurationPlatforms) = preSolution
		Debug|Any CPU = Debug|Any CPU
		Release|Any CPU = Release|Any CPU
	EndGlobalSection
	GlobalSection(ProjectConfigurationPlatforms) = postSolution
		{230945D3-986C-4507-90BD-B6A6D90A28DC}.Debug|Any CPU.ActiveCfg = Debug|Any CPU
		{230945D3-986C-4507-90BD-B6A6D90A28DC}.Debug|Any CPU.Build.0 = Debug|Any CPU
		{230945D3-986C-4507-90BD-B6A6D90A28DC}.Release|Any CPU.ActiveCfg = Release|Any CPU
		{230945D3-986C-4507-90BD-B6A6D90A28DC}.Release|Any CPU.Build.0 = Release|Any CPU
	EndGlobalSection
	GlobalSection(SolutionProperties) = preSolution
		HideSolutionNode = FALSE
	EndGlobalSection
	GlobalSection(ExtensibilityGlobals) = postSolution
		SolutionGuid = {87CD7079-60D4-486D-A369-3C274A9E4ABC}
	EndGlobalSection
EndGlobal
