
Microsoft Visual Studio Solution File, Format Version 12.00
# Visual Studio Version 17
VisualStudioVersion = 17.8.34525.116
MinimumVisualStudioVersion = 10.0.40219.1
Project("{FAE04EC0-301F-11D3-BF4B-00C04F79EFBC}") = "DateOnlyVariable", "DateOnlyVariable\DateOnlyVariable.csproj", "{C19DE363-6AEB-4406-B56A-A1CB327E119C}"
EndProject
Global
	GlobalSection(SolutionConfigurationPlatforms) = preSolution
		Debug|Any CPU = Debug|Any CPU
		Release|Any CPU = Release|Any CPU
	EndGlobalSection
	GlobalSection(ProjectConfigurationPlatforms) = postSolution
		{C19DE363-6AEB-4406-B56A-A1CB327E119C}.Debug|Any CPU.ActiveCfg = Debug|Any CPU
		{C19DE363-6AEB-4406-B56A-A1CB327E119C}.Debug|Any CPU.Build.0 = Debug|Any CPU
		{C19DE363-6AEB-4406-B56A-A1CB327E119C}.Release|Any CPU.ActiveCfg = Release|Any CPU
		{C19DE363-6AEB-4406-B56A-A1CB327E119C}.Release|Any CPU.Build.0 = Release|Any CPU
	EndGlobalSection
	GlobalSection(SolutionProperties) = preSolution
		HideSolutionNode = FALSE
	EndGlobalSection
	GlobalSection(ExtensibilityGlobals) = postSolution
		SolutionGuid = {25419492-A8A8-4442-B238-9962203D804B}
	EndGlobalSection
EndGlobal
