
Microsoft Visual Studio Solution File, Format Version 12.00
# Visual Studio Version 17
VisualStudioVersion = 17.9.34616.47
MinimumVisualStudioVersion = 10.0.40219.1
Project("{FAE04EC0-301F-11D3-BF4B-00C04F79EFBC}") = "Homework - Instantiated Class", "Homework - Instantiated Class.csproj", "{71E99C4B-B5EF-4346-A9D2-DAEC077791B3}"
EndProject
Global
	GlobalSection(SolutionConfigurationPlatforms) = preSolution
		Debug|Any CPU = Debug|Any CPU
		Release|Any CPU = Release|Any CPU
	EndGlobalSection
	GlobalSection(ProjectConfigurationPlatforms) = postSolution
		{71E99C4B-B5EF-4346-A9D2-DAEC077791B3}.Debug|Any CPU.ActiveCfg = Debug|Any CPU
		{71E99C4B-B5EF-4346-A9D2-DAEC077791B3}.Debug|Any CPU.Build.0 = Debug|Any CPU
		{71E99C4B-B5EF-4346-A9D2-DAEC077791B3}.Release|Any CPU.ActiveCfg = Release|Any CPU
		{71E99C4B-B5EF-4346-A9D2-DAEC077791B3}.Release|Any CPU.Build.0 = Release|Any CPU
	EndGlobalSection
	GlobalSection(SolutionProperties) = preSolution
		HideSolutionNode = FALSE
	EndGlobalSection
	GlobalSection(ExtensibilityGlobals) = postSolution
		SolutionGuid = {0BC7EA55-8F85-4F5E-8E89-3546A13D4DDE}
	EndGlobalSection
EndGlobal
