
Microsoft Visual Studio Solution File, Format Version 12.00
# Visual Studio Version 17
VisualStudioVersion = 17.9.34616.47
MinimumVisualStudioVersion = 10.0.40219.1
Project("{FAE04EC0-301F-11D3-BF4B-00C04F79EFBC}") = "BattleshipLibrary", "BattleshipLibrary\BattleshipLibrary.csproj", "{037C1F22-1741-494E-ADF7-29BB905371E3}"
EndProject
Project("{FAE04EC0-301F-11D3-BF4B-00C04F79EFBC}") = "BattleShip", "BattleShip\BattleShip.csproj", "{3F3049E0-CFC4-47F8-8026-1EBA099E4811}"
EndProject
Project("{2150E333-8FDC-42A3-9474-1A3956D46DE8}") = "Solution Items", "Solution Items", "{0934A745-A87A-48DC-AEBC-76F47A54D543}"
	ProjectSection(SolutionItems) = preProject
		Docs.txt = Docs.txt
	EndProjectSection
EndProject
Global
	GlobalSection(SolutionConfigurationPlatforms) = preSolution
		Debug|Any CPU = Debug|Any CPU
		Release|Any CPU = Release|Any CPU
	EndGlobalSection
	GlobalSection(ProjectConfigurationPlatforms) = postSolution
		{037C1F22-1741-494E-ADF7-29BB905371E3}.Debug|Any CPU.ActiveCfg = Debug|Any CPU
		{037C1F22-1741-494E-ADF7-29BB905371E3}.Debug|Any CPU.Build.0 = Debug|Any CPU
		{037C1F22-1741-494E-ADF7-29BB905371E3}.Release|Any CPU.ActiveCfg = Release|Any CPU
		{037C1F22-1741-494E-ADF7-29BB905371E3}.Release|Any CPU.Build.0 = Release|Any CPU
		{3F3049E0-CFC4-47F8-8026-1EBA099E4811}.Debug|Any CPU.ActiveCfg = Debug|Any CPU
		{3F3049E0-CFC4-47F8-8026-1EBA099E4811}.Debug|Any CPU.Build.0 = Debug|Any CPU
		{3F3049E0-CFC4-47F8-8026-1EBA099E4811}.Release|Any CPU.ActiveCfg = Release|Any CPU
		{3F3049E0-CFC4-47F8-8026-1EBA099E4811}.Release|Any CPU.Build.0 = Release|Any CPU
	EndGlobalSection
	GlobalSection(SolutionProperties) = preSolution
		HideSolutionNode = FALSE
	EndGlobalSection
	GlobalSection(ExtensibilityGlobals) = postSolution
		SolutionGuid = {11E05CCE-AFCC-432F-B489-774DE7427797}
	EndGlobalSection
EndGlobal
