
Microsoft Visual Studio Solution File, Format Version 12.00
# Visual Studio Version 17
VisualStudioVersion = 17.5.002.0
MinimumVisualStudioVersion = 10.0.40219.1
Project("{9A19103F-16F7-4668-BE54-9A1E7A4F7556}") = "DateTimeVaribale", "DateTimeVaribale.csproj", "{A41C40C9-3820-4247-8D1D-85DA2A91E217}"
EndProject
Global
	GlobalSection(SolutionConfigurationPlatforms) = preSolution
		Debug|Any CPU = Debug|Any CPU
		Release|Any CPU = Release|Any CPU
	EndGlobalSection
	GlobalSection(ProjectConfigurationPlatforms) = postSolution
		{A41C40C9-3820-4247-8D1D-85DA2A91E217}.Debug|Any CPU.ActiveCfg = Debug|Any CPU
		{A41C40C9-3820-4247-8D1D-85DA2A91E217}.Debug|Any CPU.Build.0 = Debug|Any CPU
		{A41C40C9-3820-4247-8D1D-85DA2A91E217}.Release|Any CPU.ActiveCfg = Release|Any CPU
		{A41C40C9-3820-4247-8D1D-85DA2A91E217}.Release|Any CPU.Build.0 = Release|Any CPU
	EndGlobalSection
	GlobalSection(SolutionProperties) = preSolution
		HideSolutionNode = FALSE
	EndGlobalSection
	GlobalSection(ExtensibilityGlobals) = postSolution
		SolutionGuid = {DC1A358E-D1F4-467E-A1F3-69AFA6B4B08B}
	EndGlobalSection
EndGlobal
