
Microsoft Visual Studio Solution File, Format Version 12.00
# Visual Studio Version 17
VisualStudioVersion = 17.9.34616.47
MinimumVisualStudioVersion = 10.0.40219.1
Project("{FAE04EC0-301F-11D3-BF4B-00C04F79EFBC}") = "Mini Project - Extension Method", "Mini Project - Extension Method\Mini Project - Extension Method.csproj", "{65D82C98-141F-4260-A777-F5543D7136A4}"
EndProject
Global
	GlobalSection(SolutionConfigurationPlatforms) = preSolution
		Debug|Any CPU = Debug|Any CPU
		Release|Any CPU = Release|Any CPU
	EndGlobalSection
	GlobalSection(ProjectConfigurationPlatforms) = postSolution
		{65D82C98-141F-4260-A777-F5543D7136A4}.Debug|Any CPU.ActiveCfg = Debug|Any CPU
		{65D82C98-141F-4260-A777-F5543D7136A4}.Debug|Any CPU.Build.0 = Debug|Any CPU
		{65D82C98-141F-4260-A777-F5543D7136A4}.Release|Any CPU.ActiveCfg = Release|Any CPU
		{65D82C98-141F-4260-A777-F5543D7136A4}.Release|Any CPU.Build.0 = Release|Any CPU
	EndGlobalSection
	GlobalSection(SolutionProperties) = preSolution
		HideSolutionNode = FALSE
	EndGlobalSection
	GlobalSection(ExtensibilityGlobals) = postSolution
		SolutionGuid = {15AED9E8-7749-42B0-A17F-2E7053553B72}
	EndGlobalSection
EndGlobal
