
Microsoft Visual Studio Solution File, Format Version 12.00
# Visual Studio Version 17
VisualStudioVersion = 17.9.34616.47
MinimumVisualStudioVersion = 10.0.40219.1
Project("{FAE04EC0-301F-11D3-BF4B-00C04F79EFBC}") = "Calculator.Test.Unit", "UnitTestProject1\Calculator.Test.Unit.csproj", "{B156DFD6-C02F-498E-B464-1B62BF0D41F4}"
EndProject
Project("{FAE04EC0-301F-11D3-BF4B-00C04F79EFBC}") = "Calculator", "Calculator4\Calculator.csproj", "{926558CB-A68B-4752-B632-668B7B47576A}"
EndProject
Global
	GlobalSection(SolutionConfigurationPlatforms) = preSolution
		Debug|Any CPU = Debug|Any CPU
		Release|Any CPU = Release|Any CPU
	EndGlobalSection
	GlobalSection(ProjectConfigurationPlatforms) = postSolution
		{B156DFD6-C02F-498E-B464-1B62BF0D41F4}.Debug|Any CPU.ActiveCfg = Debug|Any CPU
		{B156DFD6-C02F-498E-B464-1B62BF0D41F4}.Debug|Any CPU.Build.0 = Debug|Any CPU
		{B156DFD6-C02F-498E-B464-1B62BF0D41F4}.Release|Any CPU.ActiveCfg = Release|Any CPU
		{B156DFD6-C02F-498E-B464-1B62BF0D41F4}.Release|Any CPU.Build.0 = Release|Any CPU
		{926558CB-A68B-4752-B632-668B7B47576A}.Debug|Any CPU.ActiveCfg = Debug|Any CPU
		{926558CB-A68B-4752-B632-668B7B47576A}.Debug|Any CPU.Build.0 = Debug|Any CPU
		{926558CB-A68B-4752-B632-668B7B47576A}.Release|Any CPU.ActiveCfg = Release|Any CPU
		{926558CB-A68B-4752-B632-668B7B47576A}.Release|Any CPU.Build.0 = Release|Any CPU
	EndGlobalSection
	GlobalSection(SolutionProperties) = preSolution
		HideSolutionNode = FALSE
	EndGlobalSection
	GlobalSection(ExtensibilityGlobals) = postSolution
		SolutionGuid = {4DC067DD-1EA8-4E19-977A-50BF954B734C}
	EndGlobalSection
EndGlobal
