
Microsoft Visual Studio Solution File, Format Version 12.00
# Visual Studio Version 17
VisualStudioVersion = 17.9.34616.47
MinimumVisualStudioVersion = 10.0.40219.1
Project("{FAE04EC0-301F-11D3-BF4B-00C04F79EFBC}") = "AccessModifier", "AccessModifier\AccessModifier.csproj", "{B3720F71-DD37-4101-966A-7A7AAC137117}"
EndProject
Project("{FAE04EC0-301F-11D3-BF4B-00C04F79EFBC}") = "TestLibrary", "TestLibrary\TestLibrary.csproj", "{FD5CEDF9-B96C-4AA0-851A-E49EB996918A}"
EndProject
Global
	GlobalSection(SolutionConfigurationPlatforms) = preSolution
		Debug|Any CPU = Debug|Any CPU
		Release|Any CPU = Release|Any CPU
	EndGlobalSection
	GlobalSection(ProjectConfigurationPlatforms) = postSolution
		{B3720F71-DD37-4101-966A-7A7AAC137117}.Debug|Any CPU.ActiveCfg = Debug|Any CPU
		{B3720F71-DD37-4101-966A-7A7AAC137117}.Debug|Any CPU.Build.0 = Debug|Any CPU
		{B3720F71-DD37-4101-966A-7A7AAC137117}.Release|Any CPU.ActiveCfg = Release|Any CPU
		{B3720F71-DD37-4101-966A-7A7AAC137117}.Release|Any CPU.Build.0 = Release|Any CPU
		{FD5CEDF9-B96C-4AA0-851A-E49EB996918A}.Debug|Any CPU.ActiveCfg = Debug|Any CPU
		{FD5CEDF9-B96C-4AA0-851A-E49EB996918A}.Debug|Any CPU.Build.0 = Debug|Any CPU
		{FD5CEDF9-B96C-4AA0-851A-E49EB996918A}.Release|Any CPU.ActiveCfg = Release|Any CPU
		{FD5CEDF9-B96C-4AA0-851A-E49EB996918A}.Release|Any CPU.Build.0 = Release|Any CPU
	EndGlobalSection
	GlobalSection(SolutionProperties) = preSolution
		HideSolutionNode = FALSE
	EndGlobalSection
	GlobalSection(ExtensibilityGlobals) = postSolution
		SolutionGuid = {D4B2A986-1BD2-4E44-BEA4-481CEAF6F071}
	EndGlobalSection
EndGlobal
