
Microsoft Visual Studio Solution File, Format Version 12.00
# Visual Studio Version 17
VisualStudioVersion = 17.9.34616.47
MinimumVisualStudioVersion = 10.0.40219.1
Project("{FAE04EC0-301F-11D3-BF4B-00C04F79EFBC}") = "Homework - Extension Method", "Homework - Extension Method\Homework - Extension Method.csproj", "{5F632997-5F18-4D4D-9749-6A87889C8170}"
EndProject
Global
	GlobalSection(SolutionConfigurationPlatforms) = preSolution
		Debug|Any CPU = Debug|Any CPU
		Release|Any CPU = Release|Any CPU
	EndGlobalSection
	GlobalSection(ProjectConfigurationPlatforms) = postSolution
		{5F632997-5F18-4D4D-9749-6A87889C8170}.Debug|Any CPU.ActiveCfg = Debug|Any CPU
		{5F632997-5F18-4D4D-9749-6A87889C8170}.Debug|Any CPU.Build.0 = Debug|Any CPU
		{5F632997-5F18-4D4D-9749-6A87889C8170}.Release|Any CPU.ActiveCfg = Release|Any CPU
		{5F632997-5F18-4D4D-9749-6A87889C8170}.Release|Any CPU.Build.0 = Release|Any CPU
	EndGlobalSection
	GlobalSection(SolutionProperties) = preSolution
		HideSolutionNode = FALSE
	EndGlobalSection
	GlobalSection(ExtensibilityGlobals) = postSolution
		SolutionGuid = {3826C37C-2763-478F-A870-819257B1C179}
	EndGlobalSection
EndGlobal
