
Microsoft Visual Studio Solution File, Format Version 12.00
# Visual Studio Version 17
VisualStudioVersion = 17.9.34616.47
MinimumVisualStudioVersion = 10.0.40219.1
Project("{FAE04EC0-301F-11D3-BF4B-00C04F79EFBC}") = "ConsoleUI", "ConsoleUI\ConsoleUI.csproj", "{8A799774-753A-4C59-B81A-15A92C313A22}"
EndProject
Project("{FAE04EC0-301F-11D3-BF4B-00C04F79EFBC}") = "GuestBookClassLibrary", "GuestBookClassLibrary\GuestBookClassLibrary.csproj", "{142BDB6B-95E6-44F5-9584-FE7419AA11F2}"
EndProject
Global
	GlobalSection(SolutionConfigurationPlatforms) = preSolution
		Debug|Any CPU = Debug|Any CPU
		Release|Any CPU = Release|Any CPU
	EndGlobalSection
	GlobalSection(ProjectConfigurationPlatforms) = postSolution
		{8A799774-753A-4C59-B81A-15A92C313A22}.Debug|Any CPU.ActiveCfg = Debug|Any CPU
		{8A799774-753A-4C59-B81A-15A92C313A22}.Debug|Any CPU.Build.0 = Debug|Any CPU
		{8A799774-753A-4C59-B81A-15A92C313A22}.Release|Any CPU.ActiveCfg = Release|Any CPU
		{8A799774-753A-4C59-B81A-15A92C313A22}.Release|Any CPU.Build.0 = Release|Any CPU
		{142BDB6B-95E6-44F5-9584-FE7419AA11F2}.Debug|Any CPU.ActiveCfg = Debug|Any CPU
		{142BDB6B-95E6-44F5-9584-FE7419AA11F2}.Debug|Any CPU.Build.0 = Debug|Any CPU
		{142BDB6B-95E6-44F5-9584-FE7419AA11F2}.Release|Any CPU.ActiveCfg = Release|Any CPU
		{142BDB6B-95E6-44F5-9584-FE7419AA11F2}.Release|Any CPU.Build.0 = Release|Any CPU
	EndGlobalSection
	GlobalSection(SolutionProperties) = preSolution
		HideSolutionNode = FALSE
	EndGlobalSection
	GlobalSection(ExtensibilityGlobals) = postSolution
		SolutionGuid = {A8992E96-3DC1-4D9D-8652-C3F4783600AA}
	EndGlobalSection
EndGlobal
