
Microsoft Visual Studio Solution File, Format Version 12.00
# Visual Studio Version 17
VisualStudioVersion = 17.9.34616.47
MinimumVisualStudioVersion = 10.0.40219.1
Project("{FAE04EC0-301F-11D3-BF4B-00C04F79EFBC}") = "Homework-Array", "Homework-Array\Homework-Array.csproj", "{9069B079-2773-4BEF-A4A7-0FE1262365FF}"
EndProject
Global
	GlobalSection(SolutionConfigurationPlatforms) = preSolution
		Debug|Any CPU = Debug|Any CPU
		Release|Any CPU = Release|Any CPU
	EndGlobalSection
	GlobalSection(ProjectConfigurationPlatforms) = postSolution
		{9069B079-2773-4BEF-A4A7-0FE1262365FF}.Debug|Any CPU.ActiveCfg = Debug|Any CPU
		{9069B079-2773-4BEF-A4A7-0FE1262365FF}.Debug|Any CPU.Build.0 = Debug|Any CPU
		{9069B079-2773-4BEF-A4A7-0FE1262365FF}.Release|Any CPU.ActiveCfg = Release|Any CPU
		{9069B079-2773-4BEF-A4A7-0FE1262365FF}.Release|Any CPU.Build.0 = Release|Any CPU
	EndGlobalSection
	GlobalSection(SolutionProperties) = preSolution
		HideSolutionNode = FALSE
	EndGlobalSection
	GlobalSection(ExtensibilityGlobals) = postSolution
		SolutionGuid = {E0910371-141D-422F-8BE1-F7E05FC7CAAE}
	EndGlobalSection
EndGlobal
