
Microsoft Visual Studio Solution File, Format Version 12.00
# Visual Studio Version 17
VisualStudioVersion = 17.8.34525.116
MinimumVisualStudioVersion = 10.0.40219.1
Project("{FAE04EC0-301F-11D3-BF4B-00C04F79EFBC}") = "StringVariables", "StringVariables\StringVariables.csproj", "{F29BD294-3538-48E3-98AD-EB7C60902703}"
EndProject
Global
	GlobalSection(SolutionConfigurationPlatforms) = preSolution
		Debug|Any CPU = Debug|Any CPU
		Release|Any CPU = Release|Any CPU
	EndGlobalSection
	GlobalSection(ProjectConfigurationPlatforms) = postSolution
		{F29BD294-3538-48E3-98AD-EB7C60902703}.Debug|Any CPU.ActiveCfg = Debug|Any CPU
		{F29BD294-3538-48E3-98AD-EB7C60902703}.Debug|Any CPU.Build.0 = Debug|Any CPU
		{F29BD294-3538-48E3-98AD-EB7C60902703}.Release|Any CPU.ActiveCfg = Release|Any CPU
		{F29BD294-3538-48E3-98AD-EB7C60902703}.Release|Any CPU.Build.0 = Release|Any CPU
	EndGlobalSection
	GlobalSection(SolutionProperties) = preSolution
		HideSolutionNode = FALSE
	EndGlobalSection
	GlobalSection(ExtensibilityGlobals) = postSolution
		SolutionGuid = {A8045456-D68D-43E5-89C3-BB36AA6F4009}
	EndGlobalSection
EndGlobal
