
Microsoft Visual Studio Solution File, Format Version 12.00
# Visual Studio Version 17
VisualStudioVersion = 17.9.34616.47
MinimumVisualStudioVersion = 10.0.40219.1
Project("{FAE04EC0-301F-11D3-BF4B-00C04F79EFBC}") = "Abstract Class", "Abstract Class\Abstract Class.csproj", "{9B4D7A18-5086-4981-B4D9-EB9FEC784C03}"
EndProject
Global
	GlobalSection(SolutionConfigurationPlatforms) = preSolution
		Debug|Any CPU = Debug|Any CPU
		Release|Any CPU = Release|Any CPU
	EndGlobalSection
	GlobalSection(ProjectConfigurationPlatforms) = postSolution
		{9B4D7A18-5086-4981-B4D9-EB9FEC784C03}.Debug|Any CPU.ActiveCfg = Debug|Any CPU
		{9B4D7A18-5086-4981-B4D9-EB9FEC784C03}.Debug|Any CPU.Build.0 = Debug|Any CPU
		{9B4D7A18-5086-4981-B4D9-EB9FEC784C03}.Release|Any CPU.ActiveCfg = Release|Any CPU
		{9B4D7A18-5086-4981-B4D9-EB9FEC784C03}.Release|Any CPU.Build.0 = Release|Any CPU
	EndGlobalSection
	GlobalSection(SolutionProperties) = preSolution
		HideSolutionNode = FALSE
	EndGlobalSection
	GlobalSection(ExtensibilityGlobals) = postSolution
		SolutionGuid = {251DD5F5-902A-4ADB-80D0-067C2540FCFE}
	EndGlobalSection
EndGlobal
