
Microsoft Visual Studio Solution File, Format Version 12.00
# Visual Studio Version 17
VisualStudioVersion = 17.8.34525.116
MinimumVisualStudioVersion = 10.0.40219.1
Project("{FAE04EC0-301F-11D3-BF4B-00C04F79EFBC}") = "Homework 2", "Homework 2\Homework 2.csproj", "{AE213AFE-C7FD-4774-A87B-E1FF6F79D910}"
EndProject
Global
	GlobalSection(SolutionConfigurationPlatforms) = preSolution
		Debug|Any CPU = Debug|Any CPU
		Release|Any CPU = Release|Any CPU
	EndGlobalSection
	GlobalSection(ProjectConfigurationPlatforms) = postSolution
		{AE213AFE-C7FD-4774-A87B-E1FF6F79D910}.Debug|Any CPU.ActiveCfg = Debug|Any CPU
		{AE213AFE-C7FD-4774-A87B-E1FF6F79D910}.Debug|Any CPU.Build.0 = Debug|Any CPU
		{AE213AFE-C7FD-4774-A87B-E1FF6F79D910}.Release|Any CPU.ActiveCfg = Release|Any CPU
		{AE213AFE-C7FD-4774-A87B-E1FF6F79D910}.Release|Any CPU.Build.0 = Release|Any CPU
	EndGlobalSection
	GlobalSection(SolutionProperties) = preSolution
		HideSolutionNode = FALSE
	EndGlobalSection
	GlobalSection(ExtensibilityGlobals) = postSolution
		SolutionGuid = {E980151D-F7C4-4D4F-A8A9-BF8C5ABA1548}
	EndGlobalSection
EndGlobal
