
Microsoft Visual Studio Solution File, Format Version 12.00
# Visual Studio Version 17
VisualStudioVersion = 17.0.31903.59
MinimumVisualStudioVersion = 10.0.40219.1
Project("{FAE04EC0-301F-11D3-BF4B-00C04F79EFBC}") = "GymManagement.Api", "GymManagement.Api\GymManagement.Api.csproj", "{CF47C9BF-BACF-4DB2-A6F9-3D5B3DEF68D4}"
EndProject
Project("{FAE04EC0-301F-11D3-BF4B-00C04F79EFBC}") = "GymManagement.Application", "GymManagement.Application\GymManagement.Application.csproj", "{FBBE2BDC-D15C-4985-8442-8BAB44AD01DB}"
EndProject
Project("{FAE04EC0-301F-11D3-BF4B-00C04F79EFBC}") = "GymManagement.Infrastructure", "GymManagement.Infrastructure\GymManagement.Infrastructure.csproj", "{7BBB9AC3-AFC6-4270-94C2-C852DA8D529C}"
EndProject
Project("{FAE04EC0-301F-11D3-BF4B-00C04F79EFBC}") = "GymManagement.Domain", "GymManagement.Domain\GymManagement.Domain.csproj", "{EA47552F-A5DF-48CE-8E0D-2DB163792E10}"
EndProject
Project("{FAE04EC0-301F-11D3-BF4B-00C04F79EFBC}") = "GymManagement.Contracts", "GymManagement.Contracts\GymManagement.Contracts.csproj", "{813B5C2D-75F3-436C-97A9-A0920C3DEADD}"
EndProject
Global
	GlobalSection(SolutionConfigurationPlatforms) = preSolution
		Debug|Any CPU = Debug|Any CPU
		Release|Any CPU = Release|Any CPU
	EndGlobalSection
	GlobalSection(ProjectConfigurationPlatforms) = postSolution
		{CF47C9BF-BACF-4DB2-A6F9-3D5B3DEF68D4}.Debug|Any CPU.ActiveCfg = Debug|Any CPU
		{CF47C9BF-BACF-4DB2-A6F9-3D5B3DEF68D4}.Debug|Any CPU.Build.0 = Debug|Any CPU
		{CF47C9BF-BACF-4DB2-A6F9-3D5B3DEF68D4}.Release|Any CPU.ActiveCfg = Release|Any CPU
		{CF47C9BF-BACF-4DB2-A6F9-3D5B3DEF68D4}.Release|Any CPU.Build.0 = Release|Any CPU
		{FBBE2BDC-D15C-4985-8442-8BAB44AD01DB}.Debug|Any CPU.ActiveCfg = Debug|Any CPU
		{FBBE2BDC-D15C-4985-8442-8BAB44AD01DB}.Debug|Any CPU.Build.0 = Debug|Any CPU
		{FBBE2BDC-D15C-4985-8442-8BAB44AD01DB}.Release|Any CPU.ActiveCfg = Release|Any CPU
		{FBBE2BDC-D15C-4985-8442-8BAB44AD01DB}.Release|Any CPU.Build.0 = Release|Any CPU
		{7BBB9AC3-AFC6-4270-94C2-C852DA8D529C}.Debug|Any CPU.ActiveCfg = Debug|Any CPU
		{7BBB9AC3-AFC6-4270-94C2-C852DA8D529C}.Debug|Any CPU.Build.0 = Debug|Any CPU
		{7BBB9AC3-AFC6-4270-94C2-C852DA8D529C}.Release|Any CPU.ActiveCfg = Release|Any CPU
		{7BBB9AC3-AFC6-4270-94C2-C852DA8D529C}.Release|Any CPU.Build.0 = Release|Any CPU
		{EA47552F-A5DF-48CE-8E0D-2DB163792E10}.Debug|Any CPU.ActiveCfg = Debug|Any CPU
		{EA47552F-A5DF-48CE-8E0D-2DB163792E10}.Debug|Any CPU.Build.0 = Debug|Any CPU
		{EA47552F-A5DF-48CE-8E0D-2DB163792E10}.Release|Any CPU.ActiveCfg = Release|Any CPU
		{EA47552F-A5DF-48CE-8E0D-2DB163792E10}.Release|Any CPU.Build.0 = Release|Any CPU
		{813B5C2D-75F3-436C-97A9-A0920C3DEADD}.Debug|Any CPU.ActiveCfg = Debug|Any CPU
		{813B5C2D-75F3-436C-97A9-A0920C3DEADD}.Debug|Any CPU.Build.0 = Debug|Any CPU
		{813B5C2D-75F3-436C-97A9-A0920C3DEADD}.Release|Any CPU.ActiveCfg = Release|Any CPU
		{813B5C2D-75F3-436C-97A9-A0920C3DEADD}.Release|Any CPU.Build.0 = Release|Any CPU
	EndGlobalSection
	GlobalSection(SolutionProperties) = preSolution
		HideSolutionNode = FALSE
	EndGlobalSection
EndGlobal
