
Microsoft Visual Studio Solution File, Format Version 12.00
# Visual Studio Version 17
VisualStudioVersion = 17.0.31903.59
MinimumVisualStudioVersion = 10.0.40219.1
Project("{2150E333-8FDC-42A3-9474-1A3956D46DE8}") = "Services", "Services", "{5854FF58-B8C5-05C6-5BF2-ACE42193F22B}"
EndProject
Project("{2150E333-8FDC-42A3-9474-1A3956D46DE8}") = "Catalog", "Catalog", "{45B02681-7621-43C9-9A4D-92A942ED8502}"
EndProject
Project("{FAE04EC0-301F-11D3-BF4B-00C04F79EFBC}") = "Catalog.API", "Services\Catalog\Catalog.API\Catalog.API.csproj", "{99FE4988-24B5-48F2-8F08-0548538E17EB}"
EndProject
Project("{2150E333-8FDC-42A3-9474-1A3956D46DE8}") = "BuildingBlocks", "BuildingBlocks", "{7266C4A9-E384-DC00-0EB6-47F6002CFBA7}"
EndProject
Project("{FAE04EC0-301F-11D3-BF4B-00C04F79EFBC}") = "BuildingBlocks", "BuildingBlocks\BuildingBlocks\BuildingBlocks.csproj", "{6CC6499A-CFFC-4EE6-9689-96C816203BE6}"
EndProject
Project("{2150E333-8FDC-42A3-9474-1A3956D46DE8}") = "Basket", "Basket", "{D5D3FCBE-565E-49D4-952E-D9CD4860C0DB}"
EndProject
Project("{FAE04EC0-301F-11D3-BF4B-00C04F79EFBC}") = "Basket.Api", "Services\Basket\Basket.Api\Basket.Api.csproj", "{C1384A62-E68C-4302-8EA5-2FBAD1EBDE3E}"
EndProject
Project("{2150E333-8FDC-42A3-9474-1A3956D46DE8}") = "Discount", "Discount", "{A30A0A40-D640-4C0D-A2F2-CB55D4349FC8}"
EndProject
Project("{FAE04EC0-301F-11D3-BF4B-00C04F79EFBC}") = "Discount.Grpc", "Services\Discount\Discount.Grpc\Discount.Grpc.csproj", "{0A7152D5-10C1-4193-BB35-13B59B5D5C00}"
EndProject
Project("{2150E333-8FDC-42A3-9474-1A3956D46DE8}") = "Ordering", "Ordering", "{9207D2BF-4B89-416D-836F-F6A499781222}"
EndProject
Project("{FAE04EC0-301F-11D3-BF4B-00C04F79EFBC}") = "Ordering.API", "Services\Ordering\Ordering.API\Ordering.API.csproj", "{8A9A8A73-0A5F-40BE-9F58-05BDC9EAE1EB}"
EndProject
Project("{FAE04EC0-301F-11D3-BF4B-00C04F79EFBC}") = "Ordering.Domain", "Services\Ordering\Ordering.Domain\Ordering.Domain.csproj", "{45F78AAB-A8E9-4F3B-84F8-858433A9352F}"
EndProject
Project("{FAE04EC0-301F-11D3-BF4B-00C04F79EFBC}") = "Ordering.Application", "Services\Ordering\Ordering.Application\Ordering.Application.csproj", "{830158A3-D3B6-4DD4-A126-3A72E567A525}"
EndProject
Project("{FAE04EC0-301F-11D3-BF4B-00C04F79EFBC}") = "Ordering.Infrastructure", "Services\Ordering\Ordering.Infrastructure\Ordering.Infrastructure.csproj", "{985ADCCD-A004-455D-9AFF-373916580B99}"
EndProject
Global
	GlobalSection(SolutionConfigurationPlatforms) = preSolution
		Debug|Any CPU = Debug|Any CPU
		Release|Any CPU = Release|Any CPU
	EndGlobalSection
	GlobalSection(ProjectConfigurationPlatforms) = postSolution
		{99FE4988-24B5-48F2-8F08-0548538E17EB}.Debug|Any CPU.ActiveCfg = Debug|Any CPU
		{99FE4988-24B5-48F2-8F08-0548538E17EB}.Debug|Any CPU.Build.0 = Debug|Any CPU
		{99FE4988-24B5-48F2-8F08-0548538E17EB}.Release|Any CPU.ActiveCfg = Release|Any CPU
		{99FE4988-24B5-48F2-8F08-0548538E17EB}.Release|Any CPU.Build.0 = Release|Any CPU
		{6CC6499A-CFFC-4EE6-9689-96C816203BE6}.Debug|Any CPU.ActiveCfg = Debug|Any CPU
		{6CC6499A-CFFC-4EE6-9689-96C816203BE6}.Debug|Any CPU.Build.0 = Debug|Any CPU
		{6CC6499A-CFFC-4EE6-9689-96C816203BE6}.Release|Any CPU.ActiveCfg = Release|Any CPU
		{6CC6499A-CFFC-4EE6-9689-96C816203BE6}.Release|Any CPU.Build.0 = Release|Any CPU
		{C1384A62-E68C-4302-8EA5-2FBAD1EBDE3E}.Debug|Any CPU.ActiveCfg = Debug|Any CPU
		{C1384A62-E68C-4302-8EA5-2FBAD1EBDE3E}.Debug|Any CPU.Build.0 = Debug|Any CPU
		{C1384A62-E68C-4302-8EA5-2FBAD1EBDE3E}.Release|Any CPU.ActiveCfg = Release|Any CPU
		{C1384A62-E68C-4302-8EA5-2FBAD1EBDE3E}.Release|Any CPU.Build.0 = Release|Any CPU
		{0A7152D5-10C1-4193-BB35-13B59B5D5C00}.Debug|Any CPU.ActiveCfg = Debug|Any CPU
		{0A7152D5-10C1-4193-BB35-13B59B5D5C00}.Debug|Any CPU.Build.0 = Debug|Any CPU
		{0A7152D5-10C1-4193-BB35-13B59B5D5C00}.Release|Any CPU.ActiveCfg = Release|Any CPU
		{0A7152D5-10C1-4193-BB35-13B59B5D5C00}.Release|Any CPU.Build.0 = Release|Any CPU
		{8A9A8A73-0A5F-40BE-9F58-05BDC9EAE1EB}.Debug|Any CPU.ActiveCfg = Debug|Any CPU
		{8A9A8A73-0A5F-40BE-9F58-05BDC9EAE1EB}.Debug|Any CPU.Build.0 = Debug|Any CPU
		{8A9A8A73-0A5F-40BE-9F58-05BDC9EAE1EB}.Release|Any CPU.ActiveCfg = Release|Any CPU
		{8A9A8A73-0A5F-40BE-9F58-05BDC9EAE1EB}.Release|Any CPU.Build.0 = Release|Any CPU
		{45F78AAB-A8E9-4F3B-84F8-858433A9352F}.Debug|Any CPU.ActiveCfg = Debug|Any CPU
		{45F78AAB-A8E9-4F3B-84F8-858433A9352F}.Debug|Any CPU.Build.0 = Debug|Any CPU
		{45F78AAB-A8E9-4F3B-84F8-858433A9352F}.Release|Any CPU.ActiveCfg = Release|Any CPU
		{45F78AAB-A8E9-4F3B-84F8-858433A9352F}.Release|Any CPU.Build.0 = Release|Any CPU
		{830158A3-D3B6-4DD4-A126-3A72E567A525}.Debug|Any CPU.ActiveCfg = Debug|Any CPU
		{830158A3-D3B6-4DD4-A126-3A72E567A525}.Debug|Any CPU.Build.0 = Debug|Any CPU
		{830158A3-D3B6-4DD4-A126-3A72E567A525}.Release|Any CPU.ActiveCfg = Release|Any CPU
		{830158A3-D3B6-4DD4-A126-3A72E567A525}.Release|Any CPU.Build.0 = Release|Any CPU
		{985ADCCD-A004-455D-9AFF-373916580B99}.Debug|Any CPU.ActiveCfg = Debug|Any CPU
		{985ADCCD-A004-455D-9AFF-373916580B99}.Debug|Any CPU.Build.0 = Debug|Any CPU
		{985ADCCD-A004-455D-9AFF-373916580B99}.Release|Any CPU.ActiveCfg = Release|Any CPU
		{985ADCCD-A004-455D-9AFF-373916580B99}.Release|Any CPU.Build.0 = Release|Any CPU
	EndGlobalSection
	GlobalSection(SolutionProperties) = preSolution
		HideSolutionNode = FALSE
	EndGlobalSection
	GlobalSection(NestedProjects) = preSolution
		{45B02681-7621-43C9-9A4D-92A942ED8502} = {5854FF58-B8C5-05C6-5BF2-ACE42193F22B}
		{99FE4988-24B5-48F2-8F08-0548538E17EB} = {45B02681-7621-43C9-9A4D-92A942ED8502}
		{6CC6499A-CFFC-4EE6-9689-96C816203BE6} = {7266C4A9-E384-DC00-0EB6-47F6002CFBA7}
		{D5D3FCBE-565E-49D4-952E-D9CD4860C0DB} = {5854FF58-B8C5-05C6-5BF2-ACE42193F22B}
		{C1384A62-E68C-4302-8EA5-2FBAD1EBDE3E} = {D5D3FCBE-565E-49D4-952E-D9CD4860C0DB}
		{A30A0A40-D640-4C0D-A2F2-CB55D4349FC8} = {5854FF58-B8C5-05C6-5BF2-ACE42193F22B}
		{0A7152D5-10C1-4193-BB35-13B59B5D5C00} = {A30A0A40-D640-4C0D-A2F2-CB55D4349FC8}
		{9207D2BF-4B89-416D-836F-F6A499781222} = {5854FF58-B8C5-05C6-5BF2-ACE42193F22B}
		{8A9A8A73-0A5F-40BE-9F58-05BDC9EAE1EB} = {9207D2BF-4B89-416D-836F-F6A499781222}
		{45F78AAB-A8E9-4F3B-84F8-858433A9352F} = {9207D2BF-4B89-416D-836F-F6A499781222}
		{830158A3-D3B6-4DD4-A126-3A72E567A525} = {9207D2BF-4B89-416D-836F-F6A499781222}
		{985ADCCD-A004-455D-9AFF-373916580B99} = {9207D2BF-4B89-416D-836F-F6A499781222}
	EndGlobalSection
EndGlobal
