
Microsoft Visual Studio Solution File, Format Version 12.00
# Visual Studio Version 17
VisualStudioVersion = 17.0.31903.59
MinimumVisualStudioVersion = 10.0.40219.1
Project("{2150E333-8FDC-42A3-9474-1A3956D46DE8}") = "src", "src", "{58971393-0D98-47D6-B9F1-5E02A1A53E1E}"
EndProject
Project("{FAE04EC0-301F-11D3-BF4B-00C04F79EFBC}") = "Bookify.Domain", "src\Bookify.Domain\Bookify.Domain.csproj", "{F7D855C6-E8D5-4938-8E71-0E44DAFC1480}"
EndProject
Project("{FAE04EC0-301F-11D3-BF4B-00C04F79EFBC}") = "Bookify.Application", "src\Bookify.Application\Bookify.Application.csproj", "{7BDA1FC1-C7FB-4EF4-829B-B0317D0D3339}"
EndProject
Project("{FAE04EC0-301F-11D3-BF4B-00C04F79EFBC}") = "Bookify.Infrastructure", "src\Bookify.Infrastructure\Bookify.Infrastructure.csproj", "{9118422D-24C0-40C1-AAED-7B798DBAB13B}"
EndProject
Project("{FAE04EC0-301F-11D3-BF4B-00C04F79EFBC}") = "Bookify.Api", "src\Bookify.Api\Bookify.Api.csproj", "{D9F8EF12-E6BE-41DD-9CA6-266537143798}"
EndProject
Global
	GlobalSection(SolutionConfigurationPlatforms) = preSolution
		Debug|Any CPU = Debug|Any CPU
		Release|Any CPU = Release|Any CPU
	EndGlobalSection
	GlobalSection(SolutionProperties) = preSolution
		HideSolutionNode = FALSE
	EndGlobalSection
	GlobalSection(ProjectConfigurationPlatforms) = postSolution
		{F7D855C6-E8D5-4938-8E71-0E44DAFC1480}.Debug|Any CPU.ActiveCfg = Debug|Any CPU
		{F7D855C6-E8D5-4938-8E71-0E44DAFC1480}.Debug|Any CPU.Build.0 = Debug|Any CPU
		{F7D855C6-E8D5-4938-8E71-0E44DAFC1480}.Release|Any CPU.ActiveCfg = Release|Any CPU
		{F7D855C6-E8D5-4938-8E71-0E44DAFC1480}.Release|Any CPU.Build.0 = Release|Any CPU
		{7BDA1FC1-C7FB-4EF4-829B-B0317D0D3339}.Debug|Any CPU.ActiveCfg = Debug|Any CPU
		{7BDA1FC1-C7FB-4EF4-829B-B0317D0D3339}.Debug|Any CPU.Build.0 = Debug|Any CPU
		{7BDA1FC1-C7FB-4EF4-829B-B0317D0D3339}.Release|Any CPU.ActiveCfg = Release|Any CPU
		{7BDA1FC1-C7FB-4EF4-829B-B0317D0D3339}.Release|Any CPU.Build.0 = Release|Any CPU
		{9118422D-24C0-40C1-AAED-7B798DBAB13B}.Debug|Any CPU.ActiveCfg = Debug|Any CPU
		{9118422D-24C0-40C1-AAED-7B798DBAB13B}.Debug|Any CPU.Build.0 = Debug|Any CPU
		{9118422D-24C0-40C1-AAED-7B798DBAB13B}.Release|Any CPU.ActiveCfg = Release|Any CPU
		{9118422D-24C0-40C1-AAED-7B798DBAB13B}.Release|Any CPU.Build.0 = Release|Any CPU
		{D9F8EF12-E6BE-41DD-9CA6-266537143798}.Debug|Any CPU.ActiveCfg = Debug|Any CPU
		{D9F8EF12-E6BE-41DD-9CA6-266537143798}.Debug|Any CPU.Build.0 = Debug|Any CPU
		{D9F8EF12-E6BE-41DD-9CA6-266537143798}.Release|Any CPU.ActiveCfg = Release|Any CPU
		{D9F8EF12-E6BE-41DD-9CA6-266537143798}.Release|Any CPU.Build.0 = Release|Any CPU
	EndGlobalSection
	GlobalSection(NestedProjects) = preSolution
		{F7D855C6-E8D5-4938-8E71-0E44DAFC1480} = {58971393-0D98-47D6-B9F1-5E02A1A53E1E}
		{7BDA1FC1-C7FB-4EF4-829B-B0317D0D3339} = {58971393-0D98-47D6-B9F1-5E02A1A53E1E}
		{9118422D-24C0-40C1-AAED-7B798DBAB13B} = {58971393-0D98-47D6-B9F1-5E02A1A53E1E}
		{D9F8EF12-E6BE-41DD-9CA6-266537143798} = {58971393-0D98-47D6-B9F1-5E02A1A53E1E}
	EndGlobalSection
EndGlobal
