
Microsoft Visual Studio Solution File, Format Version 12.00
# Visual Studio Version 17
VisualStudioVersion = 17.9.34616.47
MinimumVisualStudioVersion = 10.0.40219.1
Project("{FAE04EC0-301F-11D3-BF4B-00C04F79EFBC}") = "UI", "UI\UI.csproj", "{6FEC22E6-E257-44B9-B0D9-14B596ECFC2F}"
EndProject
Project("{FAE04EC0-301F-11D3-BF4B-00C04F79EFBC}") = "TestLibrary", "TestLibrary\TestLibrary.csproj", "{976EF5AB-FEA0-4FFC-B954-6DDD8C5C54D9}"
EndProject
Global
	GlobalSection(SolutionConfigurationPlatforms) = preSolution
		Debug|Any CPU = Debug|Any CPU
		Release|Any CPU = Release|Any CPU
	EndGlobalSection
	GlobalSection(ProjectConfigurationPlatforms) = postSolution
		{6FEC22E6-E257-44B9-B0D9-14B596ECFC2F}.Debug|Any CPU.ActiveCfg = Debug|Any CPU
		{6FEC22E6-E257-44B9-B0D9-14B596ECFC2F}.Debug|Any CPU.Build.0 = Debug|Any CPU
		{6FEC22E6-E257-44B9-B0D9-14B596ECFC2F}.Release|Any CPU.ActiveCfg = Release|Any CPU
		{6FEC22E6-E257-44B9-B0D9-14B596ECFC2F}.Release|Any CPU.Build.0 = Release|Any CPU
		{976EF5AB-FEA0-4FFC-B954-6DDD8C5C54D9}.Debug|Any CPU.ActiveCfg = Debug|Any CPU
		{976EF5AB-FEA0-4FFC-B954-6DDD8C5C54D9}.Debug|Any CPU.Build.0 = Debug|Any CPU
		{976EF5AB-FEA0-4FFC-B954-6DDD8C5C54D9}.Release|Any CPU.ActiveCfg = Release|Any CPU
		{976EF5AB-FEA0-4FFC-B954-6DDD8C5C54D9}.Release|Any CPU.Build.0 = Release|Any CPU
	EndGlobalSection
	GlobalSection(SolutionProperties) = preSolution
		HideSolutionNode = FALSE
	EndGlobalSection
	GlobalSection(ExtensibilityGlobals) = postSolution
		SolutionGuid = {754D554E-CF24-468D-AE9B-9ECCBD61D33B}
	EndGlobalSection
EndGlobal
