
Microsoft Visual Studio Solution File, Format Version 12.00
# Visual Studio Version 17
VisualStudioVersion = 17.9.34616.47
MinimumVisualStudioVersion = 10.0.40219.1
Project("{FAE04EC0-301F-11D3-BF4B-00C04F79EFBC}") = "Do-While", "Do-While\Do-While.csproj", "{95228FBF-5078-4289-B6BD-EE9BE54F17FF}"
EndProject
Global
	GlobalSection(SolutionConfigurationPlatforms) = preSolution
		Debug|Any CPU = Debug|Any CPU
		Release|Any CPU = Release|Any CPU
	EndGlobalSection
	GlobalSection(ProjectConfigurationPlatforms) = postSolution
		{95228FBF-5078-4289-B6BD-EE9BE54F17FF}.Debug|Any CPU.ActiveCfg = Debug|Any CPU
		{95228FBF-5078-4289-B6BD-EE9BE54F17FF}.Debug|Any CPU.Build.0 = Debug|Any CPU
		{95228FBF-5078-4289-B6BD-EE9BE54F17FF}.Release|Any CPU.ActiveCfg = Release|Any CPU
		{95228FBF-5078-4289-B6BD-EE9BE54F17FF}.Release|Any CPU.Build.0 = Release|Any CPU
	EndGlobalSection
	GlobalSection(SolutionProperties) = preSolution
		HideSolutionNode = FALSE
	EndGlobalSection
	GlobalSection(ExtensibilityGlobals) = postSolution
		SolutionGuid = {048501EB-55FE-4197-8C75-67455B035286}
	EndGlobalSection
EndGlobal
